
Microsoft Visual Studio Solution File, Format Version 12.00
# Visual Studio Version 17
VisualStudioVersion = 17.7.34031.279
MinimumVisualStudioVersion = 10.0.40219.1
Project("{FAE04EC0-301F-11D3-BF4B-00C04F79EFBC}") = "aaguirreexamen", "aaguirreexamen.csproj", "{F554FA0F-5629-4708-B011-DC36C71A109C}"
EndProject
Global
	GlobalSection(SolutionConfigurationPlatforms) = preSolution
		Debug|Any CPU = Debug|Any CPU
		Release|Any CPU = Release|Any CPU
	EndGlobalSection
	GlobalSection(ProjectConfigurationPlatforms) = postSolution
		{F554FA0F-5629-4708-B011-DC36C71A109C}.Debug|Any CPU.ActiveCfg = Debug|Any CPU
		{F554FA0F-5629-4708-B011-DC36C71A109C}.Debug|Any CPU.Build.0 = Debug|Any CPU
		{F554FA0F-5629-4708-B011-DC36C71A109C}.Debug|Any CPU.Deploy.0 = Debug|Any CPU
		{F554FA0F-5629-4708-B011-DC36C71A109C}.Release|Any CPU.ActiveCfg = Release|Any CPU
		{F554FA0F-5629-4708-B011-DC36C71A109C}.Release|Any CPU.Build.0 = Release|Any CPU
		{F554FA0F-5629-4708-B011-DC36C71A109C}.Release|Any CPU.Deploy.0 = Release|Any CPU
	EndGlobalSection
	GlobalSection(SolutionProperties) = preSolution
		HideSolutionNode = FALSE
	EndGlobalSection
	GlobalSection(ExtensibilityGlobals) = postSolution
		SolutionGuid = {EEFD4955-22B5-4B36-9E29-D25A09129361}
	EndGlobalSection
EndGlobal
